
Microsoft Visual Studio Solution File, Format Version 12.00
# Visual Studio Version 17
VisualStudioVersion = 17.0.31903.59
MinimumVisualStudioVersion = 10.0.40219.1
Project("{2150E333-8FDC-42A3-9474-1A3956D46DE8}") = "src", "src", "{827E0CD3-B72D-47B6-A68D-7590B98EB39B}"
EndProject
Project("{FAE04EC0-301F-11D3-BF4B-00C04F79EFBC}") = "SportsIQ.API", "src\SportsIQ.API\SportsIQ.API.csproj", "{39A0BB76-27EA-4F55-959E-EF8131CD5E14}"
EndProject
Project("{FAE04EC0-301F-11D3-BF4B-00C04F79EFBC}") = "SportsIQ.Application", "src\SportsIQ.Application\SportsIQ.Application.csproj", "{0F46737C-D9F2-4962-B74E-830213E94C22}"
EndProject
Project("{FAE04EC0-301F-11D3-BF4B-00C04F79EFBC}") = "SportsIQ.Domain", "src\SportsIQ.Domain\SportsIQ.Domain.csproj", "{65D31F35-DFDC-43EC-838A-8F62A7556A10}"
EndProject
Project("{FAE04EC0-301F-11D3-BF4B-00C04F79EFBC}") = "SportsIQ.Infrastructure", "src\SportsIQ.Infrastructure\SportsIQ.Infrastructure.csproj", "{AA92A09E-3342-4F07-9DE3-C299CC7C185B}"
EndProject
Global
	GlobalSection(SolutionConfigurationPlatforms) = preSolution
		Debug|Any CPU = Debug|Any CPU
		Debug|x64 = Debug|x64
		Debug|x86 = Debug|x86
		Release|Any CPU = Release|Any CPU
		Release|x64 = Release|x64
		Release|x86 = Release|x86
	EndGlobalSection
	GlobalSection(ProjectConfigurationPlatforms) = postSolution
		{39A0BB76-27EA-4F55-959E-EF8131CD5E14}.Debug|Any CPU.ActiveCfg = Debug|Any CPU
		{39A0BB76-27EA-4F55-959E-EF8131CD5E14}.Debug|Any CPU.Build.0 = Debug|Any CPU
		{39A0BB76-27EA-4F55-959E-EF8131CD5E14}.Debug|x64.ActiveCfg = Debug|Any CPU
		{39A0BB76-27EA-4F55-959E-EF8131CD5E14}.Debug|x64.Build.0 = Debug|Any CPU
		{39A0BB76-27EA-4F55-959E-EF8131CD5E14}.Debug|x86.ActiveCfg = Debug|Any CPU
		{39A0BB76-27EA-4F55-959E-EF8131CD5E14}.Debug|x86.Build.0 = Debug|Any CPU
		{39A0BB76-27EA-4F55-959E-EF8131CD5E14}.Release|Any CPU.ActiveCfg = Release|Any CPU
		{39A0BB76-27EA-4F55-959E-EF8131CD5E14}.Release|Any CPU.Build.0 = Release|Any CPU
		{39A0BB76-27EA-4F55-959E-EF8131CD5E14}.Release|x64.ActiveCfg = Release|Any CPU
		{39A0BB76-27EA-4F55-959E-EF8131CD5E14}.Release|x64.Build.0 = Release|Any CPU
		{39A0BB76-27EA-4F55-959E-EF8131CD5E14}.Release|x86.ActiveCfg = Release|Any CPU
		{39A0BB76-27EA-4F55-959E-EF8131CD5E14}.Release|x86.Build.0 = Release|Any CPU
		{0F46737C-D9F2-4962-B74E-830213E94C22}.Debug|Any CPU.ActiveCfg = Debug|Any CPU
		{0F46737C-D9F2-4962-B74E-830213E94C22}.Debug|Any CPU.Build.0 = Debug|Any CPU
		{0F46737C-D9F2-4962-B74E-830213E94C22}.Debug|x64.ActiveCfg = Debug|Any CPU
		{0F46737C-D9F2-4962-B74E-830213E94C22}.Debug|x64.Build.0 = Debug|Any CPU
		{0F46737C-D9F2-4962-B74E-830213E94C22}.Debug|x86.ActiveCfg = Debug|Any CPU
		{0F46737C-D9F2-4962-B74E-830213E94C22}.Debug|x86.Build.0 = Debug|Any CPU
		{0F46737C-D9F2-4962-B74E-830213E94C22}.Release|Any CPU.ActiveCfg = Release|Any CPU
		{0F46737C-D9F2-4962-B74E-830213E94C22}.Release|Any CPU.Build.0 = Release|Any CPU
		{0F46737C-D9F2-4962-B74E-830213E94C22}.Release|x64.ActiveCfg = Release|Any CPU
		{0F46737C-D9F2-4962-B74E-830213E94C22}.Release|x64.Build.0 = Release|Any CPU
		{0F46737C-D9F2-4962-B74E-830213E94C22}.Release|x86.ActiveCfg = Release|Any CPU
		{0F46737C-D9F2-4962-B74E-830213E94C22}.Release|x86.Build.0 = Release|Any CPU
		{65D31F35-DFDC-43EC-838A-8F62A7556A10}.Debug|Any CPU.ActiveCfg = Debug|Any CPU
		{65D31F35-DFDC-43EC-838A-8F62A7556A10}.Debug|Any CPU.Build.0 = Debug|Any CPU
		{65D31F35-DFDC-43EC-838A-8F62A7556A10}.Debug|x64.ActiveCfg = Debug|Any CPU
		{65D31F35-DFDC-43EC-838A-8F62A7556A10}.Debug|x64.Build.0 = Debug|Any CPU
		{65D31F35-DFDC-43EC-838A-8F62A7556A10}.Debug|x86.ActiveCfg = Debug|Any CPU
		{65D31F35-DFDC-43EC-838A-8F62A7556A10}.Debug|x86.Build.0 = Debug|Any CPU
		{65D31F35-DFDC-43EC-838A-8F62A7556A10}.Release|Any CPU.ActiveCfg = Release|Any CPU
		{65D31F35-DFDC-43EC-838A-8F62A7556A10}.Release|Any CPU.Build.0 = Release|Any CPU
		{65D31F35-DFDC-43EC-838A-8F62A7556A10}.Release|x64.ActiveCfg = Release|Any CPU
		{65D31F35-DFDC-43EC-838A-8F62A7556A10}.Release|x64.Build.0 = Release|Any CPU
		{65D31F35-DFDC-43EC-838A-8F62A7556A10}.Release|x86.ActiveCfg = Release|Any CPU
		{65D31F35-DFDC-43EC-838A-8F62A7556A10}.Release|x86.Build.0 = Release|Any CPU
		{AA92A09E-3342-4F07-9DE3-C299CC7C185B}.Debug|Any CPU.ActiveCfg = Debug|Any CPU
		{AA92A09E-3342-4F07-9DE3-C299CC7C185B}.Debug|Any CPU.Build.0 = Debug|Any CPU
		{AA92A09E-3342-4F07-9DE3-C299CC7C185B}.Debug|x64.ActiveCfg = Debug|Any CPU
		{AA92A09E-3342-4F07-9DE3-C299CC7C185B}.Debug|x64.Build.0 = Debug|Any CPU
		{AA92A09E-3342-4F07-9DE3-C299CC7C185B}.Debug|x86.ActiveCfg = Debug|Any CPU
		{AA92A09E-3342-4F07-9DE3-C299CC7C185B}.Debug|x86.Build.0 = Debug|Any CPU
		{AA92A09E-3342-4F07-9DE3-C299CC7C185B}.Release|Any CPU.ActiveCfg = Release|Any CPU
		{AA92A09E-3342-4F07-9DE3-C299CC7C185B}.Release|Any CPU.Build.0 = Release|Any CPU
		{AA92A09E-3342-4F07-9DE3-C299CC7C185B}.Release|x64.ActiveCfg = Release|Any CPU
		{AA92A09E-3342-4F07-9DE3-C299CC7C185B}.Release|x64.Build.0 = Release|Any CPU
		{AA92A09E-3342-4F07-9DE3-C299CC7C185B}.Release|x86.ActiveCfg = Release|Any CPU
		{AA92A09E-3342-4F07-9DE3-C299CC7C185B}.Release|x86.Build.0 = Release|Any CPU
	EndGlobalSection
	GlobalSection(SolutionProperties) = preSolution
		HideSolutionNode = FALSE
	EndGlobalSection
	GlobalSection(NestedProjects) = preSolution
		{39A0BB76-27EA-4F55-959E-EF8131CD5E14} = {827E0CD3-B72D-47B6-A68D-7590B98EB39B}
		{0F46737C-D9F2-4962-B74E-830213E94C22} = {827E0CD3-B72D-47B6-A68D-7590B98EB39B}
		{65D31F35-DFDC-43EC-838A-8F62A7556A10} = {827E0CD3-B72D-47B6-A68D-7590B98EB39B}
		{AA92A09E-3342-4F07-9DE3-C299CC7C185B} = {827E0CD3-B72D-47B6-A68D-7590B98EB39B}
	EndGlobalSection
EndGlobal
